
Microsoft Visual Studio Solution File, Format Version 12.00
# Visual Studio Version 17
VisualStudioVersion = 17.10.35027.167
MinimumVisualStudioVersion = 10.0.40219.1
Project("{FAE04EC0-301F-11D3-BF4B-00C04F79EFBC}") = "Library9API", "Library9API\Library9API.csproj", "{FFFF8BF2-BBBD-4C18-8C7A-37CAC5FE856F}"
EndProject
Global
	GlobalSection(SolutionConfigurationPlatforms) = preSolution
		Debug|Any CPU = Debug|Any CPU
		Release|Any CPU = Release|Any CPU
	EndGlobalSection
	GlobalSection(ProjectConfigurationPlatforms) = postSolution
		{FFFF8BF2-BBBD-4C18-8C7A-37CAC5FE856F}.Debug|Any CPU.ActiveCfg = Debug|Any CPU
		{FFFF8BF2-BBBD-4C18-8C7A-37CAC5FE856F}.Debug|Any CPU.Build.0 = Debug|Any CPU
		{FFFF8BF2-BBBD-4C18-8C7A-37CAC5FE856F}.Release|Any CPU.ActiveCfg = Release|Any CPU
		{FFFF8BF2-BBBD-4C18-8C7A-37CAC5FE856F}.Release|Any CPU.Build.0 = Release|Any CPU
	EndGlobalSection
	GlobalSection(SolutionProperties) = preSolution
		HideSolutionNode = FALSE
	EndGlobalSection
	GlobalSection(ExtensibilityGlobals) = postSolution
		SolutionGuid = {005AD59C-AC8C-420E-A083-10278AC8A804}
	EndGlobalSection
EndGlobal
